
Microsoft Visual Studio Solution File, Format Version 12.00
# Visual Studio Version 16
VisualStudioVersion = 16.0.31515.178
MinimumVisualStudioVersion = 10.0.40219.1
Project("{9A19103F-16F7-4668-BE54-9A1E7A4F7556}") = "Models", "Models\Models.csproj", "{FF2508C6-559A-49C9-8188-99448F2AD83B}"
EndProject
Project("{9A19103F-16F7-4668-BE54-9A1E7A4F7556}") = "ViewModels", "ViewModels\ViewModels\ViewModels.csproj", "{3C595FB8-F059-47BB-BC31-72168BDA9C5C}"
EndProject
Project("{9A19103F-16F7-4668-BE54-9A1E7A4F7556}") = "WpfViews", "Views\WpfViews\WpfViews.csproj", "{8588029D-0E79-426A-9CC0-BAADCD60D793}"
EndProject
Project("{FAE04EC0-301F-11D3-BF4B-00C04F79EFBC}") = "ModelsTests", "ModelsTests\ModelsTests.csproj", "{4632F2A5-29AB-4AC6-8C8D-989595757972}"
EndProject
Global
	GlobalSection(SolutionConfigurationPlatforms) = preSolution
		Debug|Any CPU = Debug|Any CPU
		Release|Any CPU = Release|Any CPU
	EndGlobalSection
	GlobalSection(ProjectConfigurationPlatforms) = postSolution
		{FF2508C6-559A-49C9-8188-99448F2AD83B}.Debug|Any CPU.ActiveCfg = Debug|Any CPU
		{FF2508C6-559A-49C9-8188-99448F2AD83B}.Debug|Any CPU.Build.0 = Debug|Any CPU
		{FF2508C6-559A-49C9-8188-99448F2AD83B}.Release|Any CPU.ActiveCfg = Release|Any CPU
		{FF2508C6-559A-49C9-8188-99448F2AD83B}.Release|Any CPU.Build.0 = Release|Any CPU
		{3C595FB8-F059-47BB-BC31-72168BDA9C5C}.Debug|Any CPU.ActiveCfg = Debug|Any CPU
		{3C595FB8-F059-47BB-BC31-72168BDA9C5C}.Debug|Any CPU.Build.0 = Debug|Any CPU
		{3C595FB8-F059-47BB-BC31-72168BDA9C5C}.Release|Any CPU.ActiveCfg = Release|Any CPU
		{3C595FB8-F059-47BB-BC31-72168BDA9C5C}.Release|Any CPU.Build.0 = Release|Any CPU
		{8588029D-0E79-426A-9CC0-BAADCD60D793}.Debug|Any CPU.ActiveCfg = Debug|Any CPU
		{8588029D-0E79-426A-9CC0-BAADCD60D793}.Debug|Any CPU.Build.0 = Debug|Any CPU
		{8588029D-0E79-426A-9CC0-BAADCD60D793}.Release|Any CPU.ActiveCfg = Release|Any CPU
		{8588029D-0E79-426A-9CC0-BAADCD60D793}.Release|Any CPU.Build.0 = Release|Any CPU
		{4632F2A5-29AB-4AC6-8C8D-989595757972}.Debug|Any CPU.ActiveCfg = Debug|Any CPU
		{4632F2A5-29AB-4AC6-8C8D-989595757972}.Debug|Any CPU.Build.0 = Debug|Any CPU
		{4632F2A5-29AB-4AC6-8C8D-989595757972}.Release|Any CPU.ActiveCfg = Release|Any CPU
		{4632F2A5-29AB-4AC6-8C8D-989595757972}.Release|Any CPU.Build.0 = Release|Any CPU
	EndGlobalSection
	GlobalSection(SolutionProperties) = preSolution
		HideSolutionNode = FALSE
	EndGlobalSection
	GlobalSection(ExtensibilityGlobals) = postSolution
		SolutionGuid = {975E0BFF-78FE-46B6-ABAE-E1B6954464F3}
	EndGlobalSection
EndGlobal
